
Microsoft Visual Studio Solution File, Format Version 11.00
# Visual Studio 2010
Project("{FAE04EC0-301F-11D3-BF4B-00C04F79EFBC}") = "EnergyAnalysisForDynamo", "EnergyAnalysisForDynamo\EnergyAnalysisForDynamo.csproj", "{213D4BB4-4736-48AE-A9B3-4D7BCE2E8D39}"
EndProject
Project("{FAE04EC0-301F-11D3-BF4B-00C04F79EFBC}") = "EnergyAnalysisForDynamo_UI", "EnergyAnalysisForDynamo_UI\EnergyAnalysisForDynamo_UI.csproj", "{8576F024-8D64-4F83-95A8-623D437AF502}"
EndProject
Global
	GlobalSection(SolutionConfigurationPlatforms) = preSolution
		Debug|Any CPU = Debug|Any CPU
		Release|Any CPU = Release|Any CPU
	EndGlobalSection
	GlobalSection(ProjectConfigurationPlatforms) = postSolution
		{213D4BB4-4736-48AE-A9B3-4D7BCE2E8D39}.Debug|Any CPU.ActiveCfg = Debug|Any CPU
		{213D4BB4-4736-48AE-A9B3-4D7BCE2E8D39}.Debug|Any CPU.Build.0 = Debug|Any CPU
		{213D4BB4-4736-48AE-A9B3-4D7BCE2E8D39}.Release|Any CPU.ActiveCfg = Release|Any CPU
		{213D4BB4-4736-48AE-A9B3-4D7BCE2E8D39}.Release|Any CPU.Build.0 = Release|Any CPU
		{8576F024-8D64-4F83-95A8-623D437AF502}.Debug|Any CPU.ActiveCfg = Debug|Any CPU
		{8576F024-8D64-4F83-95A8-623D437AF502}.Debug|Any CPU.Build.0 = Debug|Any CPU
		{8576F024-8D64-4F83-95A8-623D437AF502}.Release|Any CPU.ActiveCfg = Release|Any CPU
		{8576F024-8D64-4F83-95A8-623D437AF502}.Release|Any CPU.Build.0 = Release|Any CPU
	EndGlobalSection
	GlobalSection(SolutionProperties) = preSolution
		HideSolutionNode = FALSE
	EndGlobalSection
EndGlobal
