
Microsoft Visual Studio Solution File, Format Version 11.00
# Visual Studio 2010
Project("{FAE04EC0-301F-11D3-BF4B-00C04F79EFBC}") = "GBSforDynamo", "GBSforDynamo\GBSforDynamo.csproj", "{27999923-C1CE-423D-89C7-5B71CEE95F33}"
EndProject
Project("{FAE04EC0-301F-11D3-BF4B-00C04F79EFBC}") = "GBSforDynamo_UI", "GBSforDynamo_UI\GBSforDynamo_UI.csproj", "{6F7B5106-226A-466F-A966-03F1AE883828}"
EndProject
Global
	GlobalSection(SolutionConfigurationPlatforms) = preSolution
		Debug|Any CPU = Debug|Any CPU
		Release|Any CPU = Release|Any CPU
	EndGlobalSection
	GlobalSection(ProjectConfigurationPlatforms) = postSolution
		{27999923-C1CE-423D-89C7-5B71CEE95F33}.Debug|Any CPU.ActiveCfg = Debug|Any CPU
		{27999923-C1CE-423D-89C7-5B71CEE95F33}.Debug|Any CPU.Build.0 = Debug|Any CPU
		{27999923-C1CE-423D-89C7-5B71CEE95F33}.Release|Any CPU.ActiveCfg = Release|Any CPU
		{27999923-C1CE-423D-89C7-5B71CEE95F33}.Release|Any CPU.Build.0 = Release|Any CPU
		{6F7B5106-226A-466F-A966-03F1AE883828}.Debug|Any CPU.ActiveCfg = Debug|Any CPU
		{6F7B5106-226A-466F-A966-03F1AE883828}.Debug|Any CPU.Build.0 = Debug|Any CPU
		{6F7B5106-226A-466F-A966-03F1AE883828}.Release|Any CPU.ActiveCfg = Release|Any CPU
		{6F7B5106-226A-466F-A966-03F1AE883828}.Release|Any CPU.Build.0 = Release|Any CPU
	EndGlobalSection
	GlobalSection(SolutionProperties) = preSolution
		HideSolutionNode = FALSE
	EndGlobalSection
EndGlobal
